
Microsoft Visual Studio Solution File, Format Version 12.00
# Visual Studio Version 17
VisualStudioVersion = 17.14.37216.2
MinimumVisualStudioVersion = 10.0.40219.1
Project("{FAE04EC0-301F-11D3-BF4B-00C04F79EFBC}") = "Server", "Server\Server.csproj", "{DE3AEE4A-DEC0-47C8-946B-513EF6085C40}"
EndProject
Project("{FAE04EC0-301F-11D3-BF4B-00C04F79EFBC}") = "Protocol", "Protocol\Protocol.csproj", "{395EF46F-8015-5578-ED36-603BAE8DFACF}"
EndProject
Project("{FAE04EC0-301F-11D3-BF4B-00C04F79EFBC}") = "EchoDummy", "EchoDummy\EchoDummy.csproj", "{4CA1DED9-997E-4B51-9557-EAF738B6BFCD}"
EndProject
Global
	GlobalSection(SolutionConfigurationPlatforms) = preSolution
		Debug|Any CPU = Debug|Any CPU
		Release|Any CPU = Release|Any CPU
	EndGlobalSection
	GlobalSection(ProjectConfigurationPlatforms) = postSolution
		{DE3AEE4A-DEC0-47C8-946B-513EF6085C40}.Debug|Any CPU.ActiveCfg = Debug|Any CPU
		{DE3AEE4A-DEC0-47C8-946B-513EF6085C40}.Debug|Any CPU.Build.0 = Debug|Any CPU
		{DE3AEE4A-DEC0-47C8-946B-513EF6085C40}.Release|Any CPU.ActiveCfg = Release|Any CPU
		{DE3AEE4A-DEC0-47C8-946B-513EF6085C40}.Release|Any CPU.Build.0 = Release|Any CPU
		{395EF46F-8015-5578-ED36-603BAE8DFACF}.Debug|Any CPU.ActiveCfg = Debug|Any CPU
		{395EF46F-8015-5578-ED36-603BAE8DFACF}.Debug|Any CPU.Build.0 = Debug|Any CPU
		{395EF46F-8015-5578-ED36-603BAE8DFACF}.Release|Any CPU.ActiveCfg = Release|Any CPU
		{395EF46F-8015-5578-ED36-603BAE8DFACF}.Release|Any CPU.Build.0 = Release|Any CPU
		{4CA1DED9-997E-4B51-9557-EAF738B6BFCD}.Debug|Any CPU.ActiveCfg = Debug|Any CPU
		{4CA1DED9-997E-4B51-9557-EAF738B6BFCD}.Debug|Any CPU.Build.0 = Debug|Any CPU
		{4CA1DED9-997E-4B51-9557-EAF738B6BFCD}.Release|Any CPU.ActiveCfg = Release|Any CPU
		{4CA1DED9-997E-4B51-9557-EAF738B6BFCD}.Release|Any CPU.Build.0 = Release|Any CPU
	EndGlobalSection
	GlobalSection(SolutionProperties) = preSolution
		HideSolutionNode = FALSE
	EndGlobalSection
	GlobalSection(ExtensibilityGlobals) = postSolution
		SolutionGuid = {942746A3-1069-4CE0-B47D-EEB761777FF2}
	EndGlobalSection
EndGlobal
